
Microsoft Visual Studio Solution File, Format Version 12.00
# Visual Studio Version 16
VisualStudioVersion = 16.0.31313.79
MinimumVisualStudioVersion = 10.0.40219.1
Project("{FAE04EC0-301F-11D3-BF4B-00C04F79EFBC}") = "SocketsListener", "SocketsListener\SocketsListener.csproj", "{F337E5FA-8B88-48DE-9869-3841059E68BE}"
EndProject
Global
	GlobalSection(SolutionConfigurationPlatforms) = preSolution
		Debug|Any CPU = Debug|Any CPU
		Release|Any CPU = Release|Any CPU
	EndGlobalSection
	GlobalSection(ProjectConfigurationPlatforms) = postSolution
		{F337E5FA-8B88-48DE-9869-3841059E68BE}.Debug|Any CPU.ActiveCfg = Debug|Any CPU
		{F337E5FA-8B88-48DE-9869-3841059E68BE}.Debug|Any CPU.Build.0 = Debug|Any CPU
		{F337E5FA-8B88-48DE-9869-3841059E68BE}.Release|Any CPU.ActiveCfg = Release|Any CPU
		{F337E5FA-8B88-48DE-9869-3841059E68BE}.Release|Any CPU.Build.0 = Release|Any CPU
	EndGlobalSection
	GlobalSection(SolutionProperties) = preSolution
		HideSolutionNode = FALSE
	EndGlobalSection
	GlobalSection(ExtensibilityGlobals) = postSolution
		SolutionGuid = {F8D077C1-CFDD-422D-8301-BF840E728DD9}
	EndGlobalSection
EndGlobal
